
Microsoft Visual Studio Solution File, Format Version 12.00
# Visual Studio Version 16
VisualStudioVersion = 16.0.31702.278
MinimumVisualStudioVersion = 10.0.40219.1
Project("{8BC9CEB8-8B4A-11D0-8D11-00A0C91BC942}") = "Lab 7.3.2", "Lab 7.3.2\Lab 7.3.2.vcxproj", "{44DDC21C-D3E9-49AC-8390-BB0AC11D20D5}"
EndProject
Project("{8BC9CEB8-8B4A-11D0-8D11-00A0C91BC942}") = "UnitTest1", "UnitTest1\UnitTest1.vcxproj", "{90B241CF-094D-45D5-82F9-B1C79EED16C4}"
EndProject
Global
	GlobalSection(SolutionConfigurationPlatforms) = preSolution
		Debug|x64 = Debug|x64
		Debug|x86 = Debug|x86
		Release|x64 = Release|x64
		Release|x86 = Release|x86
	EndGlobalSection
	GlobalSection(ProjectConfigurationPlatforms) = postSolution
		{44DDC21C-D3E9-49AC-8390-BB0AC11D20D5}.Debug|x64.ActiveCfg = Debug|x64
		{44DDC21C-D3E9-49AC-8390-BB0AC11D20D5}.Debug|x64.Build.0 = Debug|x64
		{44DDC21C-D3E9-49AC-8390-BB0AC11D20D5}.Debug|x86.ActiveCfg = Debug|Win32
		{44DDC21C-D3E9-49AC-8390-BB0AC11D20D5}.Debug|x86.Build.0 = Debug|Win32
		{44DDC21C-D3E9-49AC-8390-BB0AC11D20D5}.Release|x64.ActiveCfg = Release|x64
		{44DDC21C-D3E9-49AC-8390-BB0AC11D20D5}.Release|x64.Build.0 = Release|x64
		{44DDC21C-D3E9-49AC-8390-BB0AC11D20D5}.Release|x86.ActiveCfg = Release|Win32
		{44DDC21C-D3E9-49AC-8390-BB0AC11D20D5}.Release|x86.Build.0 = Release|Win32
		{90B241CF-094D-45D5-82F9-B1C79EED16C4}.Debug|x64.ActiveCfg = Debug|x64
		{90B241CF-094D-45D5-82F9-B1C79EED16C4}.Debug|x64.Build.0 = Debug|x64
		{90B241CF-094D-45D5-82F9-B1C79EED16C4}.Debug|x86.ActiveCfg = Debug|Win32
		{90B241CF-094D-45D5-82F9-B1C79EED16C4}.Debug|x86.Build.0 = Debug|Win32
		{90B241CF-094D-45D5-82F9-B1C79EED16C4}.Release|x64.ActiveCfg = Release|x64
		{90B241CF-094D-45D5-82F9-B1C79EED16C4}.Release|x64.Build.0 = Release|x64
		{90B241CF-094D-45D5-82F9-B1C79EED16C4}.Release|x86.ActiveCfg = Release|Win32
		{90B241CF-094D-45D5-82F9-B1C79EED16C4}.Release|x86.Build.0 = Release|Win32
	EndGlobalSection
	GlobalSection(SolutionProperties) = preSolution
		HideSolutionNode = FALSE
	EndGlobalSection
	GlobalSection(ExtensibilityGlobals) = postSolution
		SolutionGuid = {44433ED7-5F4E-4D23-AAB2-7A1BA3F85DF1}
	EndGlobalSection
EndGlobal
